Microsoft Visual Studio Solution File, Format Version 12.00
# Visual Studio 2012
Project("{FAE04EC0-301F-11D3-BF4B-00C04F79EFBC}") = "frasiak-nick-a5-project", "frasiak-nick-a5-project.csproj", "{B4CFC797-84E4-4A4A-989C-20E857EEA7CC}"
EndProject
Global
	GlobalSection(SolutionConfigurationPlatforms) = preSolution
	Debug|Any CPU = Debug|Any CPU
	ExportDebug|Any CPU = ExportDebug|Any CPU
	ExportRelease|Any CPU = ExportRelease|Any CPU
	EndGlobalSection
	GlobalSection(ProjectConfigurationPlatforms) = postSolution
		{B4CFC797-84E4-4A4A-989C-20E857EEA7CC}.Debug|Any CPU.ActiveCfg = Debug|Any CPU
		{B4CFC797-84E4-4A4A-989C-20E857EEA7CC}.Debug|Any CPU.Build.0 = Debug|Any CPU
		{B4CFC797-84E4-4A4A-989C-20E857EEA7CC}.ExportDebug|Any CPU.ActiveCfg = ExportDebug|Any CPU
		{B4CFC797-84E4-4A4A-989C-20E857EEA7CC}.ExportDebug|Any CPU.Build.0 = ExportDebug|Any CPU
		{B4CFC797-84E4-4A4A-989C-20E857EEA7CC}.ExportRelease|Any CPU.ActiveCfg = ExportRelease|Any CPU
		{B4CFC797-84E4-4A4A-989C-20E857EEA7CC}.ExportRelease|Any CPU.Build.0 = ExportRelease|Any CPU
	EndGlobalSection
EndGlobal
